// !$*UTF8*$!
{
	archiveVersion = 1;
	classes = {
	};
	objectVersion = 77;
	objects = {

/* Begin PBXBuildFile section */
		095536713018ED9500C80DA0 /* synced.storekit in Resources */ = {isa = PBXBuildFile; fileRef = 095536703018ED9500C80DA0 /* synced.storekit */; };
		BBB28AB44A15558BFB39403C /* PropertyBased in Frameworks */ = {isa = PBXBuildFile; productRef = 4FA89280AD0D00847DBD767F /* PropertyBased */; };
		C10000000000000000000001 /* ReadiumShared in Frameworks */ = {isa = PBXBuildFile; productRef = B10000000000000000000001 /* ReadiumShared */; };
		C10000000000000000000002 /* ReadiumNavigator in Frameworks */ = {isa = PBXBuildFile; productRef = B10000000000000000000002 /* ReadiumNavigator */; };
		C10000000000000000000003 /* ReadiumStreamer in Frameworks */ = {isa = PBXBuildFile; productRef = B10000000000000000000003 /* ReadiumStreamer */; };
		C10000000000000000000004 /* ReadiumAdapterGCDWebServer in Frameworks */ = {isa = PBXBuildFile; productRef = B10000000000000000000004 /* ReadiumAdapterGCDWebServer */; };
		C10000000000000000000005 /* ReadiumZIPFoundation in Frameworks */ = {isa = PBXBuildFile; productRef = B10000000000000000000005 /* ReadiumZIPFoundation */; };
		C10000000000000000000006 /* Sentry in Frameworks */ = {isa = PBXBuildFile; productRef = B10000000000000000000006 /* Sentry */; };
		C10000000000000000000007 /* USearch in Frameworks */ = {isa = PBXBuildFile; productRef = B10000000000000000000007 /* USearch */; };
		C10000000000000000000008 /* ChunkedAudioPlayer in Frameworks */ = {isa = PBXBuildFile; productRef = B10000000000000000000008 /* ChunkedAudioPlayer */; };
		C10000000000000000000009 /* LiveKitWebRTC in Frameworks */ = {isa = PBXBuildFile; productRef = B10000000000000000000009 /* LiveKitWebRTC */; };
		D10000000000000000000001 /* ReadiumShared in Frameworks */ = {isa = PBXBuildFile; productRef = B10000000000000000000001 /* ReadiumShared */; };
		D10000000000000000000002 /* ReadiumNavigator in Frameworks */ = {isa = PBXBuildFile; productRef = B10000000000000000000002 /* ReadiumNavigator */; };
		D10000000000000000000005 /* ReadiumZIPFoundation in Frameworks */ = {isa = PBXBuildFile; productRef = B10000000000000000000005 /* ReadiumZIPFoundation */; };
		D10000000000000000000010 /* GoogleSignIn in Frameworks */ = {isa = PBXBuildFile; productRef = B10000000000000000000010 /* GoogleSignIn */; };
		D10000000000000000000011 /* GoogleSignInSwift in Frameworks */ = {isa = PBXBuildFile; productRef = B10000000000000000000011 /* GoogleSignInSwift */; };
/* End PBXBuildFile section */

/* Begin PBXContainerItemProxy section */
		092254A42FD83186008C5ADE /* PBXContainerItemProxy */ = {
			isa = PBXContainerItemProxy;
			containerPortal = 0922548C2FD83183008C5ADE /* Project object */;
			proxyType = 1;
			remoteGlobalIDString = 092254932FD83183008C5ADE;
			remoteInfo = rishi;
		};
		092254AE2FD83186008C5ADE /* PBXContainerItemProxy */ = {
			isa = PBXContainerItemProxy;
			containerPortal = 0922548C2FD83183008C5ADE /* Project object */;
			proxyType = 1;
			remoteGlobalIDString = 092254932FD83183008C5ADE;
			remoteInfo = rishi;
		};
/* End PBXContainerItemProxy section */

/* Begin PBXFileReference section */
		092254942FD83183008C5ADE /* rishi.app */ = {isa = PBXFileReference; explicitFileType = wrapper.application; includeInIndex = 0; path = rishi.app; sourceTree = BUILT_PRODUCTS_DIR; };
		092254A32FD83186008C5ADE /* rishiTests.xctest */ = {isa = PBXFileReference; explicitFileType = wrapper.cfbundle; includeInIndex = 0; path = rishiTests.xctest; sourceTree = BUILT_PRODUCTS_DIR; };
		092254AD2FD83186008C5ADE /* rishiUITests.xctest */ = {isa = PBXFileReference; explicitFileType = wrapper.cfbundle; includeInIndex = 0; path = rishiUITests.xctest; sourceTree = BUILT_PRODUCTS_DIR; };
		095536703018ED9500C80DA0 /* synced.storekit */ = {isa = PBXFileReference; lastKnownFileType = text; path = synced.storekit; sourceTree = "<group>"; };
		1A1111202FD83183008C5ADE /* TTSPresenceWidgetBundle.swift */ = {isa = PBXFileReference; lastKnownFileType = sourcecode.swift; path = TTSPresenceWidgetBundle.swift; sourceTree = "<group>"; };
		1A1111212FD83183008C5ADE /* Info.plist */ = {isa = PBXFileReference; lastKnownFileType = text.plist.xml; path = Info.plist; sourceTree = "<group>"; };
		1A1111222FD83183008C5ADE /* TTSPresenceWidget.entitlements */ = {isa = PBXFileReference; lastKnownFileType = text.plist.entitlements; path = TTSPresenceWidget.entitlements; sourceTree = "<group>"; };
/* End PBXFileReference section */

/* Begin PBXFileSystemSynchronizedBuildFileExceptionSet section */
		C444E2697AFC3ABDFAD0AFC3 /* Exceptions for "rishi" folder in "rishi" target */ = {
			isa = PBXFileSystemSynchronizedBuildFileExceptionSet;
			membershipExceptions = (
				Info.plist,
				StoreKitTestCertificate.cer,
			);
			target = 092254932FD83183008C5ADE /* rishi */;
		};
/* End PBXFileSystemSynchronizedBuildFileExceptionSet section */

/* Begin PBXFileSystemSynchronizedRootGroup section */
		092254962FD83183008C5ADE /* rishi */ = {
			isa = PBXFileSystemSynchronizedRootGroup;
			exceptions = (
				C444E2697AFC3ABDFAD0AFC3 /* Exceptions for "rishi" folder in "rishi" target */,
			);
			path = rishi;
			sourceTree = "<group>";
		};
		092254A62FD83186008C5ADE /* rishiTests */ = {
			isa = PBXFileSystemSynchronizedRootGroup;
			path = rishiTests;
			sourceTree = "<group>";
		};
		092254B02FD83186008C5ADE /* rishiUITests */ = {
			isa = PBXFileSystemSynchronizedRootGroup;
			path = rishiUITests;
			sourceTree = "<group>";
		};
/* End PBXFileSystemSynchronizedRootGroup section */

/* Begin PBXFrameworksBuildPhase section */
		092254912FD83183008C5ADE /* Frameworks */ = {
			isa = PBXFrameworksBuildPhase;
			buildActionMask = 2147483647;
			files = (
				C10000000000000000000001 /* ReadiumShared in Frameworks */,
				C10000000000000000000002 /* ReadiumNavigator in Frameworks */,
				C10000000000000000000003 /* ReadiumStreamer in Frameworks */,
				C10000000000000000000004 /* ReadiumAdapterGCDWebServer in Frameworks */,
				C10000000000000000000005 /* ReadiumZIPFoundation in Frameworks */,
				C10000000000000000000006 /* Sentry in Frameworks */,
				C10000000000000000000007 /* USearch in Frameworks */,
				C10000000000000000000008 /* ChunkedAudioPlayer in Frameworks */,
				C10000000000000000000009 /* LiveKitWebRTC in Frameworks */,
				D10000000000000000000010 /* GoogleSignIn in Frameworks */,
				D10000000000000000000011 /* GoogleSignInSwift in Frameworks */,
			);
			runOnlyForDeploymentPostprocessing = 0;
		};
		092254A02FD83186008C5ADE /* Frameworks */ = {
			isa = PBXFrameworksBuildPhase;
			buildActionMask = 2147483647;
			files = (
				D10000000000000000000001 /* ReadiumShared in Frameworks */,
				D10000000000000000000002 /* ReadiumNavigator in Frameworks */,
				D10000000000000000000005 /* ReadiumZIPFoundation in Frameworks */,
				BBB28AB44A15558BFB39403C /* PropertyBased in Frameworks */,
			);
			runOnlyForDeploymentPostprocessing = 0;
		};
		092254AA2FD83186008C5ADE /* Frameworks */ = {
			isa = PBXFrameworksBuildPhase;
			buildActionMask = 2147483647;
			files = (
			);
			runOnlyForDeploymentPostprocessing = 0;
		};
/* End PBXFrameworksBuildPhase section */

/* Begin PBXGroup section */
		0922548B2FD83183008C5ADE = {
			isa = PBXGroup;
			children = (
				095536703018ED9500C80DA0 /* synced.storekit */,
				092254962FD83183008C5ADE /* rishi */,
				092254A62FD83186008C5ADE /* rishiTests */,
				092254B02FD83186008C5ADE /* rishiUITests */,
				1A1111102FD83183008C5ADE /* TTSPresenceWidget */,
				09B561A42FF1256400972BA3 /* Frameworks */,
				092254952FD83183008C5ADE /* Products */,
			);
			sourceTree = "<group>";
		};
		092254952FD83183008C5ADE /* Products */ = {
			isa = PBXGroup;
			children = (
				092254942FD83183008C5ADE /* rishi.app */,
				092254A32FD83186008C5ADE /* rishiTests.xctest */,
				092254AD2FD83186008C5ADE /* rishiUITests.xctest */,
			);
			name = Products;
			sourceTree = "<group>";
		};
		09B561A42FF1256400972BA3 /* Frameworks */ = {
			isa = PBXGroup;
			children = (
			);
			name = Frameworks;
			sourceTree = "<group>";
		};
		1A1111102FD83183008C5ADE /* TTSPresenceWidget */ = {
			isa = PBXGroup;
			children = (
				1A1111202FD83183008C5ADE /* TTSPresenceWidgetBundle.swift */,
				1A1111212FD83183008C5ADE /* Info.plist */,
				1A1111222FD83183008C5ADE /* TTSPresenceWidget.entitlements */,
			);
			path = TTSPresenceWidget;
			sourceTree = "<group>";
		};
/* End PBXGroup section */

/* Begin PBXNativeTarget section */
		092254932FD83183008C5ADE /* rishi */ = {
			isa = PBXNativeTarget;
			buildConfigurationList = 092254B72FD83186008C5ADE /* Build configuration list for PBXNativeTarget "rishi" */;
			buildPhases = (
				876CFB173C478ACE95B4A53D /* Synthesize empty CNumKong.o (header-only SwiftPM target workaround) */,
				092254902FD83183008C5ADE /* Sources */,
				092254912FD83183008C5ADE /* Frameworks */,
				092254922FD83183008C5ADE /* Resources */,
			);
			buildRules = (
			);
			dependencies = (
			);
			fileSystemSynchronizedGroups = (
				092254962FD83183008C5ADE /* rishi */,
			);
			name = rishi;
			packageProductDependencies = (
				B10000000000000000000001 /* ReadiumShared */,
				B10000000000000000000002 /* ReadiumNavigator */,
				B10000000000000000000003 /* ReadiumStreamer */,
				B10000000000000000000004 /* ReadiumAdapterGCDWebServer */,
				B10000000000000000000005 /* ReadiumZIPFoundation */,
				B10000000000000000000006 /* Sentry */,
				B10000000000000000000007 /* USearch */,
				B10000000000000000000008 /* ChunkedAudioPlayer */,
				B10000000000000000000009 /* LiveKitWebRTC */,
				B10000000000000000000010 /* GoogleSignIn */,
				B10000000000000000000011 /* GoogleSignInSwift */,
			);
			productName = rishi;
			productReference = 092254942FD83183008C5ADE /* rishi.app */;
			productType = "com.apple.product-type.application";
		};
		092254A22FD83186008C5ADE /* rishiTests */ = {
			isa = PBXNativeTarget;
			buildConfigurationList = 092254BA2FD83186008C5ADE /* Build configuration list for PBXNativeTarget "rishiTests" */;
			buildPhases = (
				0922549F2FD83186008C5ADE /* Sources */,
				092254A02FD83186008C5ADE /* Frameworks */,
				092254A12FD83186008C5ADE /* Resources */,
			);
			buildRules = (
			);
			dependencies = (
				092254A52FD83186008C5ADE /* PBXTargetDependency */,
			);
			fileSystemSynchronizedGroups = (
				092254A62FD83186008C5ADE /* rishiTests */,
			);
			name = rishiTests;
			packageProductDependencies = (
				B10000000000000000000001 /* ReadiumShared */,
				B10000000000000000000002 /* ReadiumNavigator */,
				B10000000000000000000005 /* ReadiumZIPFoundation */,
				4FA89280AD0D00847DBD767F /* PropertyBased */,
			);
			productName = rishiTests;
			productReference = 092254A32FD83186008C5ADE /* rishiTests.xctest */;
			productType = "com.apple.product-type.bundle.unit-test";
		};
		092254AC2FD83186008C5ADE /* rishiUITests */ = {
			isa = PBXNativeTarget;
			buildConfigurationList = 092254BD2FD83186008C5ADE /* Build configuration list for PBXNativeTarget "rishiUITests" */;
			buildPhases = (
				092254A92FD83186008C5ADE /* Sources */,
				092254AA2FD83186008C5ADE /* Frameworks */,
				092254AB2FD83186008C5ADE /* Resources */,
			);
			buildRules = (
			);
			dependencies = (
				092254AF2FD83186008C5ADE /* PBXTargetDependency */,
			);
			fileSystemSynchronizedGroups = (
				092254B02FD83186008C5ADE /* rishiUITests */,
			);
			name = rishiUITests;
			productName = rishiUITests;
			productReference = 092254AD2FD83186008C5ADE /* rishiUITests.xctest */;
			productType = "com.apple.product-type.bundle.ui-testing";
		};
/* End PBXNativeTarget section */

/* Begin PBXProject section */
		0922548C2FD83183008C5ADE /* Project object */ = {
			isa = PBXProject;
			attributes = {
				BuildIndependentTargetsInParallel = 1;
				LastSwiftUpdateCheck = 2620;
				LastUpgradeCheck = 2660;
				TargetAttributes = {
					092254932FD83183008C5ADE = {
						CreatedOnToolsVersion = 26.2;
					};
					092254A22FD83186008C5ADE = {
						CreatedOnToolsVersion = 26.2;
						TestTargetID = 092254932FD83183008C5ADE;
					};
					092254AC2FD83186008C5ADE = {
						CreatedOnToolsVersion = 26.2;
						TestTargetID = 092254932FD83183008C5ADE;
					};
				};
			};
			buildConfigurationList = 0922548F2FD83183008C5ADE /* Build configuration list for PBXProject "rishi" */;
			developmentRegion = en;
			hasScannedForEncodings = 0;
			knownRegions = (
				en,
				Base,
			);
			mainGroup = 0922548B2FD83183008C5ADE;
			minimizedProjectReferenceProxies = 1;
			packageReferences = (
				A10000000000000000000001 /* XCRemoteSwiftPackageReference "swift-toolkit" */,
				A10000000000000000000002 /* XCRemoteSwiftPackageReference "ZIPFoundation" */,
				A10000000000000000000003 /* XCRemoteSwiftPackageReference "sentry-cocoa" */,
				A10000000000000000000004 /* XCRemoteSwiftPackageReference "usearch" */,
				A10000000000000000000005 /* XCRemoteSwiftPackageReference "swift-chunked-audio-player" */,
				A10000000000000000000006 /* XCRemoteSwiftPackageReference "webrtc-xcframework" */,
				409EA85688A9CBA8B4DFA13A /* XCRemoteSwiftPackageReference "swift-property-based" */,
				A10000000000000000000007 /* XCRemoteSwiftPackageReference "GoogleSignIn-iOS" */,
			);
			preferredProjectObjectVersion = 77;
			productRefGroup = 092254952FD83183008C5ADE /* Products */;
			projectDirPath = "";
			projectRoot = "";
			targets = (
				092254932FD83183008C5ADE /* rishi */,
				092254A22FD83186008C5ADE /* rishiTests */,
				092254AC2FD83186008C5ADE /* rishiUITests */,
			);
		};
/* End PBXProject section */

/* Begin PBXResourcesBuildPhase section */
		092254922FD83183008C5ADE /* Resources */ = {
			isa = PBXResourcesBuildPhase;
			buildActionMask = 2147483647;
			files = (
				095536713018ED9500C80DA0 /* synced.storekit in Resources */,
			);
			runOnlyForDeploymentPostprocessing = 0;
		};
		092254A12FD83186008C5ADE /* Resources */ = {
			isa = PBXResourcesBuildPhase;
			buildActionMask = 2147483647;
			files = (
			);
			runOnlyForDeploymentPostprocessing = 0;
		};
		092254AB2FD83186008C5ADE /* Resources */ = {
			isa = PBXResourcesBuildPhase;
			buildActionMask = 2147483647;
			files = (
			);
			runOnlyForDeploymentPostprocessing = 0;
		};
/* End PBXResourcesBuildPhase section */

/* Begin PBXShellScriptBuildPhase section */
		876CFB173C478ACE95B4A53D /* Synthesize empty CNumKong.o (header-only SwiftPM target workaround) */ = {
			isa = PBXShellScriptBuildPhase;
			alwaysOutOfDate = 1;
			buildActionMask = 2147483647;
			files = (
			);
			inputFileListPaths = (
			);
			inputPaths = (
			);
			name = "Synthesize empty CNumKong.o (header-only SwiftPM target workaround)";
			outputFileListPaths = (
			);
			outputPaths = (
				"$(BUILT_PRODUCTS_DIR)/CNumKong.o",
			);
			runOnlyForDeploymentPostprocessing = 0;
			shellPath = /bin/sh;
			shellScript = "# See scripts/add-cnumkong-object-phase.rb for why this exists.\n# User Script Sandboxing (ENABLE_USER_SCRIPT_SANDBOXING) only grants write\n# access to declared output paths, so we must write solely to the declared\n# output (${SCRIPT_OUTPUT_FILE_0}); intermediate files in DERIVED_FILE_DIR are\n# denied. Single arch (the common case: Catalyst/iOS on Apple Silicon, iOS\n# archives) compiles straight to the output. Multi-arch uses $TMPDIR for slices.\nset -eu\nout=\"${SCRIPT_OUTPUT_FILE_0}\"\nset -- ${ARCHS}\nif [ \"$#\" -eq 1 ]; then\n  triple=\"${1}-apple-${LLVM_TARGET_TRIPLE_OS_VERSION}${LLVM_TARGET_TRIPLE_SUFFIX:-}\"\n  xcrun --sdk \"${PLATFORM_NAME}\" clang -target \"${triple}\" -c -x c /dev/null -o \"${out}\"\nelse\n  work=\"$(mktemp -d \"${TMPDIR:-/tmp}/cnumkong.XXXXXX\")\"\n  slices=\"\"\n  for arch in ${ARCHS}; do\n    triple=\"${arch}-apple-${LLVM_TARGET_TRIPLE_OS_VERSION}${LLVM_TARGET_TRIPLE_SUFFIX:-}\"\n    slice=\"${work}/${arch}.o\"\n    xcrun --sdk \"${PLATFORM_NAME}\" clang -target \"${triple}\" -c -x c /dev/null -o \"${slice}\"\n    slices=\"${slices} ${slice}\"\n  done\n  lipo -create ${slices} -output \"${out}\"\n  rm -rf \"${work}\"\nfi\n";
		};
/* End PBXShellScriptBuildPhase section */

/* Begin PBXSourcesBuildPhase section */
		092254902FD83183008C5ADE /* Sources */ = {
			isa = PBXSourcesBuildPhase;
			buildActionMask = 2147483647;
			files = (
			);
			runOnlyForDeploymentPostprocessing = 0;
		};
		0922549F2FD83186008C5ADE /* Sources */ = {
			isa = PBXSourcesBuildPhase;
			buildActionMask = 2147483647;
			files = (
			);
			runOnlyForDeploymentPostprocessing = 0;
		};
		092254A92FD83186008C5ADE /* Sources */ = {
			isa = PBXSourcesBuildPhase;
			buildActionMask = 2147483647;
			files = (
			);
			runOnlyForDeploymentPostprocessing = 0;
		};
/* End PBXSourcesBuildPhase section */

/* Begin PBXTargetDependency section */
		092254A52FD83186008C5ADE /* PBXTargetDependency */ = {
			isa = PBXTargetDependency;
			target = 092254932FD83183008C5ADE /* rishi */;
			targetProxy = 092254A42FD83186008C5ADE /* PBXContainerItemProxy */;
		};
		092254AF2FD83186008C5ADE /* PBXTargetDependency */ = {
			isa = PBXTargetDependency;
			target = 092254932FD83183008C5ADE /* rishi */;
			targetProxy = 092254AE2FD83186008C5ADE /* PBXContainerItemProxy */;
		};
/* End PBXTargetDependency section */

/* Begin XCBuildConfiguration section */
		092254B52FD83186008C5ADE /* Debug */ = {
			isa = XCBuildConfiguration;
			buildSettings = {
				ALWAYS_SEARCH_USER_PATHS = NO;
				ASSETCATALOG_COMPILER_GENERATE_SWIFT_ASSET_SYMBOL_EXTENSIONS = YES;
				CLANG_ANALYZER_NONNULL = YES;
				CLANG_ANALYZER_NUMBER_OBJECT_CONVERSION = YES_AGGRESSIVE;
				CLANG_CXX_LANGUAGE_STANDARD = "gnu++20";
				CLANG_ENABLE_MODULES = YES;
				CLANG_ENABLE_OBJC_ARC = YES;
				CLANG_ENABLE_OBJC_WEAK = YES;
				CLANG_WARN_BLOCK_CAPTURE_AUTORELEASING = YES;
				CLANG_WARN_BOOL_CONVERSION = YES;
				CLANG_WARN_COMMA = YES;
				CLANG_WARN_CONSTANT_CONVERSION = YES;
				CLANG_WARN_DEPRECATED_OBJC_IMPLEMENTATIONS = YES;
				CLANG_WARN_DIRECT_OBJC_ISA_USAGE = YES_ERROR;
				CLANG_WARN_DOCUMENTATION_COMMENTS = YES;
				CLANG_WARN_EMPTY_BODY = YES;
				CLANG_WARN_ENUM_CONVERSION = YES;
				CLANG_WARN_INFINITE_RECURSION = YES;
				CLANG_WARN_INT_CONVERSION = YES;
				CLANG_WARN_NON_LITERAL_NULL_CONVERSION = YES;
				CLANG_WARN_OBJC_IMPLICIT_RETAIN_SELF = YES;
				CLANG_WARN_OBJC_LITERAL_CONVERSION = YES;
				CLANG_WARN_OBJC_ROOT_CLASS = YES_ERROR;
				CLANG_WARN_QUOTED_INCLUDE_IN_FRAMEWORK_HEADER = YES;
				CLANG_WARN_RANGE_LOOP_ANALYSIS = YES;
				CLANG_WARN_STRICT_PROTOTYPES = YES;
				CLANG_WARN_SUSPICIOUS_MOVE = YES;
				CLANG_WARN_UNGUARDED_AVAILABILITY = YES_AGGRESSIVE;
				CLANG_WARN_UNREACHABLE_CODE = YES;
				CLANG_WARN__DUPLICATE_METHOD_MATCH = YES;
				COPY_PHASE_STRIP = NO;
				DEBUG_INFORMATION_FORMAT = dwarf;
				DEVELOPMENT_TEAM = 9VL7VRY6QZ;
				ENABLE_STRICT_OBJC_MSGSEND = YES;
				ENABLE_TESTABILITY = YES;
				ENABLE_USER_SCRIPT_SANDBOXING = YES;
				GCC_C_LANGUAGE_STANDARD = gnu17;
				GCC_DYNAMIC_NO_PIC = NO;
				GCC_NO_COMMON_BLOCKS = YES;
				GCC_OPTIMIZATION_LEVEL = 0;
				GCC_PREPROCESSOR_DEFINITIONS = (
					"DEBUG=1",
					"$(inherited)",
				);
				GCC_WARN_64_TO_32_BIT_CONVERSION = YES;
				GCC_WARN_ABOUT_RETURN_TYPE = YES_ERROR;
				GCC_WARN_UNDECLARED_SELECTOR = YES;
				GCC_WARN_UNINITIALIZED_AUTOS = YES_AGGRESSIVE;
				GCC_WARN_UNUSED_FUNCTION = YES;
				GCC_WARN_UNUSED_VARIABLE = YES;
				IPHONEOS_DEPLOYMENT_TARGET = 18.0;
				LOCALIZATION_PREFERS_STRING_CATALOGS = YES;
				MTL_ENABLE_DEBUG_INFO = INCLUDE_SOURCE;
				MTL_FAST_MATH = YES;
				ONLY_ACTIVE_ARCH = YES;
				SDKROOT = iphoneos;
				STRING_CATALOG_GENERATE_SYMBOLS = YES;
				SWIFT_ACTIVE_COMPILATION_CONDITIONS = "DEBUG $(inherited)";
				SWIFT_OPTIMIZATION_LEVEL = "-Onone";
			};
			name = Debug;
		};
		092254B62FD83186008C5ADE /* Release */ = {
			isa = XCBuildConfiguration;
			buildSettings = {
				ALWAYS_SEARCH_USER_PATHS = NO;
				ASSETCATALOG_COMPILER_GENERATE_SWIFT_ASSET_SYMBOL_EXTENSIONS = YES;
				CLANG_ANALYZER_NONNULL = YES;
				CLANG_ANALYZER_NUMBER_OBJECT_CONVERSION = YES_AGGRESSIVE;
				CLANG_CXX_LANGUAGE_STANDARD = "gnu++20";
				CLANG_ENABLE_MODULES = YES;
				CLANG_ENABLE_OBJC_ARC = YES;
				CLANG_ENABLE_OBJC_WEAK = YES;
				CLANG_WARN_BLOCK_CAPTURE_AUTORELEASING = YES;
				CLANG_WARN_BOOL_CONVERSION = YES;
				CLANG_WARN_COMMA = YES;
				CLANG_WARN_CONSTANT_CONVERSION = YES;
				CLANG_WARN_DEPRECATED_OBJC_IMPLEMENTATIONS = YES;
				CLANG_WARN_DIRECT_OBJC_ISA_USAGE = YES_ERROR;
				CLANG_WARN_DOCUMENTATION_COMMENTS = YES;
				CLANG_WARN_EMPTY_BODY = YES;
				CLANG_WARN_ENUM_CONVERSION = YES;
				CLANG_WARN_INFINITE_RECURSION = YES;
				CLANG_WARN_INT_CONVERSION = YES;
				CLANG_WARN_NON_LITERAL_NULL_CONVERSION = YES;
				CLANG_WARN_OBJC_IMPLICIT_RETAIN_SELF = YES;
				CLANG_WARN_OBJC_LITERAL_CONVERSION = YES;
				CLANG_WARN_OBJC_ROOT_CLASS = YES_ERROR;
				CLANG_WARN_QUOTED_INCLUDE_IN_FRAMEWORK_HEADER = YES;
				CLANG_WARN_RANGE_LOOP_ANALYSIS = YES;
				CLANG_WARN_STRICT_PROTOTYPES = YES;
				CLANG_WARN_SUSPICIOUS_MOVE = YES;
				CLANG_WARN_UNGUARDED_AVAILABILITY = YES_AGGRESSIVE;
				CLANG_WARN_UNREACHABLE_CODE = YES;
				CLANG_WARN__DUPLICATE_METHOD_MATCH = YES;
				COPY_PHASE_STRIP = NO;
				DEBUG_INFORMATION_FORMAT = "dwarf-with-dsym";
				DEVELOPMENT_TEAM = 9VL7VRY6QZ;
				ENABLE_NS_ASSERTIONS = NO;
				ENABLE_STRICT_OBJC_MSGSEND = YES;
				ENABLE_USER_SCRIPT_SANDBOXING = YES;
				GCC_C_LANGUAGE_STANDARD = gnu17;
				GCC_NO_COMMON_BLOCKS = YES;
				GCC_WARN_64_TO_32_BIT_CONVERSION = YES;
				GCC_WARN_ABOUT_RETURN_TYPE = YES_ERROR;
				GCC_WARN_UNDECLARED_SELECTOR = YES;
				GCC_WARN_UNINITIALIZED_AUTOS = YES_AGGRESSIVE;
				GCC_WARN_UNUSED_FUNCTION = YES;
				GCC_WARN_UNUSED_VARIABLE = YES;
				IPHONEOS_DEPLOYMENT_TARGET = 18.0;
				LOCALIZATION_PREFERS_STRING_CATALOGS = YES;
				MTL_ENABLE_DEBUG_INFO = NO;
				MTL_FAST_MATH = YES;
				SDKROOT = iphoneos;
				STRING_CATALOG_GENERATE_SYMBOLS = YES;
				SWIFT_COMPILATION_MODE = wholemodule;
				VALIDATE_PRODUCT = YES;
			};
			name = Release;
		};
		092254B82FD83186008C5ADE /* Debug */ = {
			isa = XCBuildConfiguration;
			buildSettings = {
				ASSETCATALOG_COMPILER_APPICON_NAME = AppIcon;
				ASSETCATALOG_COMPILER_GLOBAL_ACCENT_COLOR_NAME = AccentColor;
				CODE_SIGN_ENTITLEMENTS = rishi/rishi.entitlements;
				"CODE_SIGN_ENTITLEMENTS[sdk=macosx*]" = "rishi/rishi-mac.entitlements";
				CODE_SIGN_IDENTITY = "Apple Development";
				CODE_SIGN_STYLE = Automatic;
				CURRENT_PROJECT_VERSION = 63;
				DEVELOPMENT_TEAM = 9VL7VRY6QZ;
				ENABLE_PREVIEWS = YES;
				ENABLE_USER_SCRIPT_SANDBOXING = NO;
				GENERATE_INFOPLIST_FILE = YES;
				GOOGLE_IOS_CLIENT_ID = "127421659754-133f16auknua5elranhufrgmhu1m95cq.apps.googleusercontent.com";
				GOOGLE_REVERSED_CLIENT_ID = "com.googleusercontent.apps.127421659754-133f16auknua5elranhufrgmhu1m95cq";
				GOOGLE_SERVER_CLIENT_ID = "127421659754-dp421g459b4n471vgo2rb8qml3hmp90s.apps.googleusercontent.com";
				INFOPLIST_FILE = rishi/Info.plist;
				INFOPLIST_KEY_ITSAppUsesNonExemptEncryption = NO;
				INFOPLIST_KEY_LSSupportsOpeningDocumentsInPlace = YES;
				INFOPLIST_KEY_NSCameraUsageDescription = "Rishi uses camera features provided by its voice communication framework when video input is enabled.";
				INFOPLIST_KEY_NSMicrophoneUsageDescription = "Rishi uses your microphone to let you talk with the AI about the book you are reading. Audio is only sent during a conversation.";
				INFOPLIST_KEY_NSPhotoLibraryAddUsageDescription = "Rishi can save book covers to your Photo Library.";
				INFOPLIST_KEY_NSSpeechRecognitionUsageDescription = "Rishi uses on-device speech recognition to detect when you start speaking during voice chat setup.";
				INFOPLIST_KEY_UIApplicationSceneManifest_Generation = YES;
				INFOPLIST_KEY_UIApplicationSupportsIndirectInputEvents = YES;
				INFOPLIST_KEY_UILaunchScreen_Generation = YES;
				INFOPLIST_KEY_UISupportedInterfaceOrientations = UIInterfaceOrientationPortrait;
				INFOPLIST_KEY_UISupportedInterfaceOrientations_iPad = "UIInterfaceOrientationLandscapeLeft UIInterfaceOrientationLandscapeRight UIInterfaceOrientationPortrait UIInterfaceOrientationPortraitUpsideDown";
				IPHONEOS_DEPLOYMENT_TARGET = 18.4;
				"IPHONEOS_DEPLOYMENT_TARGET[sdk=iphoneos*]" = 18.4;
				LD_RUNPATH_SEARCH_PATHS = (
					"$(inherited)",
					"@executable_path/Frameworks",
				);
				MARKETING_VERSION = 2.1.5;
				PRODUCT_BUNDLE_IDENTIFIER = org.fidexa.rishi;
				PRODUCT_NAME = "$(TARGET_NAME)";
				SENTRY_DSN = "";
				"SENTRY_DSN[sdk=iphoneos*]" = "https://689d8c7e1b31cfa825de58b740f42a74@o4510586781958144.ingest.de.sentry.io/4511885472104528";
				"SENTRY_DSN[sdk=iphonesimulator*]" = "";
				"SENTRY_DSN[sdk=macosx*]" = "https://53f013593ff6e73febc4e13067c1089e@o4510586781958144.ingest.de.sentry.io/4511885478199376";
				SENTRY_ENVIRONMENT = debug;
				"SENTRY_ENVIRONMENT[sdk=iphoneos*]" = production;
				"SENTRY_ENVIRONMENT[sdk=macosx*]" = production;
				SENTRY_RELEASE = "$(MARKETING_VERSION) ($(CURRENT_PROJECT_VERSION))";
				STRING_CATALOG_GENERATE_SYMBOLS = YES;
				SUPPORTS_MACCATALYST = YES;
				SUPPORTS_MAC_DESIGNED_FOR_IPHONE_IPAD = NO;
				SWIFT_APPROACHABLE_CONCURRENCY = YES;
				SWIFT_EMIT_LOC_STRINGS = YES;
				SWIFT_UPCOMING_FEATURE_MEMBER_IMPORT_VISIBILITY = YES;
				SWIFT_VERSION = 6.0;
				TARGETED_DEVICE_FAMILY = "1,2";
			};
			name = Debug;
		};
		092254B92FD83186008C5ADE /* Release */ = {
			isa = XCBuildConfiguration;
			buildSettings = {
				ASSETCATALOG_COMPILER_APPICON_NAME = AppIcon;
				ASSETCATALOG_COMPILER_GLOBAL_ACCENT_COLOR_NAME = AccentColor;
				CODE_SIGN_ENTITLEMENTS = rishi/rishi.entitlements;
				"CODE_SIGN_ENTITLEMENTS[sdk=macosx*]" = "rishi/rishi-mac.entitlements";
				CODE_SIGN_IDENTITY = "Apple Development";
				CODE_SIGN_STYLE = Automatic;
				CURRENT_PROJECT_VERSION = 63;
				DEVELOPMENT_TEAM = 9VL7VRY6QZ;
				ENABLE_PREVIEWS = YES;
				ENABLE_USER_SCRIPT_SANDBOXING = NO;
				GENERATE_INFOPLIST_FILE = YES;
				GOOGLE_IOS_CLIENT_ID = "127421659754-133f16auknua5elranhufrgmhu1m95cq.apps.googleusercontent.com";
				GOOGLE_REVERSED_CLIENT_ID = "com.googleusercontent.apps.127421659754-133f16auknua5elranhufrgmhu1m95cq";
				GOOGLE_SERVER_CLIENT_ID = "127421659754-dp421g459b4n471vgo2rb8qml3hmp90s.apps.googleusercontent.com";
				INFOPLIST_FILE = rishi/Info.plist;
				INFOPLIST_KEY_ITSAppUsesNonExemptEncryption = NO;
				INFOPLIST_KEY_LSSupportsOpeningDocumentsInPlace = YES;
				INFOPLIST_KEY_NSCameraUsageDescription = "Rishi uses camera features provided by its voice communication framework when video input is enabled.";
				INFOPLIST_KEY_NSMicrophoneUsageDescription = "Rishi uses your microphone to let you talk with the AI about the book you are reading. Audio is only sent during a conversation.";
				INFOPLIST_KEY_NSPhotoLibraryAddUsageDescription = "Rishi can save book covers to your Photo Library.";
				INFOPLIST_KEY_NSSpeechRecognitionUsageDescription = "Rishi uses on-device speech recognition to detect when you start speaking during voice chat setup.";
				INFOPLIST_KEY_UIApplicationSceneManifest_Generation = YES;
				INFOPLIST_KEY_UIApplicationSupportsIndirectInputEvents = YES;
				INFOPLIST_KEY_UILaunchScreen_Generation = YES;
				INFOPLIST_KEY_UISupportedInterfaceOrientations = UIInterfaceOrientationPortrait;
				INFOPLIST_KEY_UISupportedInterfaceOrientations_iPad = "UIInterfaceOrientationLandscapeLeft UIInterfaceOrientationLandscapeRight UIInterfaceOrientationPortrait UIInterfaceOrientationPortraitUpsideDown";
				IPHONEOS_DEPLOYMENT_TARGET = 18.4;
				"IPHONEOS_DEPLOYMENT_TARGET[sdk=iphoneos*]" = 18.4;
				LD_RUNPATH_SEARCH_PATHS = (
					"$(inherited)",
					"@executable_path/Frameworks",
				);
				MARKETING_VERSION = 2.1.5;
				PRODUCT_BUNDLE_IDENTIFIER = org.fidexa.rishi;
				PRODUCT_NAME = "$(TARGET_NAME)";
				SENTRY_DSN = "";
				"SENTRY_DSN[sdk=iphoneos*]" = "https://689d8c7e1b31cfa825de58b740f42a74@o4510586781958144.ingest.de.sentry.io/4511885472104528";
				"SENTRY_DSN[sdk=iphonesimulator*]" = "";
				"SENTRY_DSN[sdk=macosx*]" = "https://53f013593ff6e73febc4e13067c1089e@o4510586781958144.ingest.de.sentry.io/4511885478199376";
				SENTRY_ENVIRONMENT = debug;
				"SENTRY_ENVIRONMENT[sdk=iphoneos*]" = production;
				"SENTRY_ENVIRONMENT[sdk=macosx*]" = production;
				SENTRY_RELEASE = "$(MARKETING_VERSION) ($(CURRENT_PROJECT_VERSION))";
				STRING_CATALOG_GENERATE_SYMBOLS = YES;
				SUPPORTS_MACCATALYST = YES;
				SUPPORTS_MAC_DESIGNED_FOR_IPHONE_IPAD = NO;
				SWIFT_APPROACHABLE_CONCURRENCY = YES;
				SWIFT_EMIT_LOC_STRINGS = YES;
				SWIFT_UPCOMING_FEATURE_MEMBER_IMPORT_VISIBILITY = YES;
				SWIFT_VERSION = 6.0;
				TARGETED_DEVICE_FAMILY = "1,2";
			};
			name = Release;
		};
		092254BB2FD83186008C5ADE /* Debug */ = {
			isa = XCBuildConfiguration;
			buildSettings = {
				BUNDLE_LOADER = "$(TEST_HOST)";
				CODE_SIGN_STYLE = Automatic;
				CURRENT_PROJECT_VERSION = 2;
				DEVELOPMENT_TEAM = 9VL7VRY6QZ;
				GENERATE_INFOPLIST_FILE = YES;
				IPHONEOS_DEPLOYMENT_TARGET = 18.4;
				MARKETING_VERSION = 1.0;
				PRODUCT_BUNDLE_IDENTIFIER = org.fidexa.rishiTests;
				PRODUCT_NAME = "$(TARGET_NAME)";
				STRING_CATALOG_GENERATE_SYMBOLS = NO;
				SWIFT_APPROACHABLE_CONCURRENCY = YES;
				SWIFT_EMIT_LOC_STRINGS = NO;
				SWIFT_UPCOMING_FEATURE_MEMBER_IMPORT_VISIBILITY = YES;
				SWIFT_VERSION = 5.0;
				TARGETED_DEVICE_FAMILY = "1,2";
				TEST_HOST = "$(BUILT_PRODUCTS_DIR)/rishi.app/$(BUNDLE_EXECUTABLE_FOLDER_PATH)/rishi";
			};
			name = Debug;
		};
		092254BC2FD83186008C5ADE /* Release */ = {
			isa = XCBuildConfiguration;
			buildSettings = {
				BUNDLE_LOADER = "$(TEST_HOST)";
				CODE_SIGN_STYLE = Automatic;
				CURRENT_PROJECT_VERSION = 2;
				DEVELOPMENT_TEAM = 9VL7VRY6QZ;
				GENERATE_INFOPLIST_FILE = YES;
				IPHONEOS_DEPLOYMENT_TARGET = 18.4;
				MARKETING_VERSION = 1.0;
				PRODUCT_BUNDLE_IDENTIFIER = org.fidexa.rishiTests;
				PRODUCT_NAME = "$(TARGET_NAME)";
				STRING_CATALOG_GENERATE_SYMBOLS = NO;
				SWIFT_APPROACHABLE_CONCURRENCY = YES;
				SWIFT_EMIT_LOC_STRINGS = NO;
				SWIFT_UPCOMING_FEATURE_MEMBER_IMPORT_VISIBILITY = YES;
				SWIFT_VERSION = 5.0;
				TARGETED_DEVICE_FAMILY = "1,2";
				TEST_HOST = "$(BUILT_PRODUCTS_DIR)/rishi.app/$(BUNDLE_EXECUTABLE_FOLDER_PATH)/rishi";
			};
			name = Release;
		};
		092254BE2FD83186008C5ADE /* Debug */ = {
			isa = XCBuildConfiguration;
			buildSettings = {
				CODE_SIGN_STYLE = Automatic;
				CURRENT_PROJECT_VERSION = 2;
				DEVELOPMENT_TEAM = 9VL7VRY6QZ;
				GENERATE_INFOPLIST_FILE = YES;
				IPHONEOS_DEPLOYMENT_TARGET = 18.4;
				MARKETING_VERSION = 1.0;
				PRODUCT_BUNDLE_IDENTIFIER = org.fidexa.rishiUITests;
				PRODUCT_NAME = "$(TARGET_NAME)";
				STRING_CATALOG_GENERATE_SYMBOLS = NO;
				SWIFT_APPROACHABLE_CONCURRENCY = YES;
				SWIFT_EMIT_LOC_STRINGS = NO;
				SWIFT_UPCOMING_FEATURE_MEMBER_IMPORT_VISIBILITY = YES;
				SWIFT_VERSION = 5.0;
				TARGETED_DEVICE_FAMILY = "1,2";
				TEST_TARGET_NAME = rishi;
			};
			name = Debug;
		};
		092254BF2FD83186008C5ADE /* Release */ = {
			isa = XCBuildConfiguration;
			buildSettings = {
				CODE_SIGN_STYLE = Automatic;
				CURRENT_PROJECT_VERSION = 2;
				DEVELOPMENT_TEAM = 9VL7VRY6QZ;
				GENERATE_INFOPLIST_FILE = YES;
				IPHONEOS_DEPLOYMENT_TARGET = 18.4;
				MARKETING_VERSION = 1.0;
				PRODUCT_BUNDLE_IDENTIFIER = org.fidexa.rishiUITests;
				PRODUCT_NAME = "$(TARGET_NAME)";
				STRING_CATALOG_GENERATE_SYMBOLS = NO;
				SWIFT_APPROACHABLE_CONCURRENCY = YES;
				SWIFT_EMIT_LOC_STRINGS = NO;
				SWIFT_UPCOMING_FEATURE_MEMBER_IMPORT_VISIBILITY = YES;
				SWIFT_VERSION = 5.0;
				TARGETED_DEVICE_FAMILY = "1,2";
				TEST_TARGET_NAME = rishi;
			};
			name = Release;
		};
/* End XCBuildConfiguration section */

/* Begin XCConfigurationList section */
		0922548F2FD83183008C5ADE /* Build configuration list for PBXProject "rishi" */ = {
			isa = XCConfigurationList;
			buildConfigurations = (
				092254B52FD83186008C5ADE /* Debug */,
				092254B62FD83186008C5ADE /* Release */,
			);
			defaultConfigurationIsVisible = 0;
			defaultConfigurationName = Release;
		};
		092254B72FD83186008C5ADE /* Build configuration list for PBXNativeTarget "rishi" */ = {
			isa = XCConfigurationList;
			buildConfigurations = (
				092254B82FD83186008C5ADE /* Debug */,
				092254B92FD83186008C5ADE /* Release */,
			);
			defaultConfigurationIsVisible = 0;
			defaultConfigurationName = Release;
		};
		092254BA2FD83186008C5ADE /* Build configuration list for PBXNativeTarget "rishiTests" */ = {
			isa = XCConfigurationList;
			buildConfigurations = (
				092254BB2FD83186008C5ADE /* Debug */,
				092254BC2FD83186008C5ADE /* Release */,
			);
			defaultConfigurationIsVisible = 0;
			defaultConfigurationName = Release;
		};
		092254BD2FD83186008C5ADE /* Build configuration list for PBXNativeTarget "rishiUITests" */ = {
			isa = XCConfigurationList;
			buildConfigurations = (
				092254BE2FD83186008C5ADE /* Debug */,
				092254BF2FD83186008C5ADE /* Release */,
			);
			defaultConfigurationIsVisible = 0;
			defaultConfigurationName = Release;
		};
/* End XCConfigurationList section */

/* Begin XCRemoteSwiftPackageReference section */
		409EA85688A9CBA8B4DFA13A /* XCRemoteSwiftPackageReference "swift-property-based" */ = {
			isa = XCRemoteSwiftPackageReference;
			repositoryURL = "https://github.com/x-sheep/swift-property-based.git";
			requirement = {
				kind = upToNextMajorVersion;
				minimumVersion = 1.0.0;
			};
		};
		A10000000000000000000001 /* XCRemoteSwiftPackageReference "swift-toolkit" */ = {
			isa = XCRemoteSwiftPackageReference;
			repositoryURL = "https://github.com/readium/swift-toolkit.git";
			requirement = {
				kind = upToNextMajorVersion;
				minimumVersion = 3.9.0;
			};
		};
		A10000000000000000000002 /* XCRemoteSwiftPackageReference "ZIPFoundation" */ = {
			isa = XCRemoteSwiftPackageReference;
			repositoryURL = "https://github.com/readium/ZIPFoundation.git";
			requirement = {
				kind = upToNextMajorVersion;
				minimumVersion = 3.0.0;
			};
		};
		A10000000000000000000003 /* XCRemoteSwiftPackageReference "sentry-cocoa" */ = {
			isa = XCRemoteSwiftPackageReference;
			repositoryURL = "https://github.com/getsentry/sentry-cocoa.git";
			requirement = {
				kind = upToNextMajorVersion;
				minimumVersion = 9.15.0;
			};
			traits = (
			);
		};
		A10000000000000000000004 /* XCRemoteSwiftPackageReference "usearch" */ = {
			isa = XCRemoteSwiftPackageReference;
			repositoryURL = "https://github.com/unum-cloud/usearch";
			requirement = {
				kind = upToNextMajorVersion;
				minimumVersion = 2.25.3;
			};
		};
		A10000000000000000000005 /* XCRemoteSwiftPackageReference "swift-chunked-audio-player" */ = {
			isa = XCRemoteSwiftPackageReference;
			repositoryURL = "https://github.com/mihai8804858/swift-chunked-audio-player";
			requirement = {
				kind = upToNextMajorVersion;
				minimumVersion = 1.0.0;
			};
		};
		A10000000000000000000006 /* XCRemoteSwiftPackageReference "webrtc-xcframework" */ = {
			isa = XCRemoteSwiftPackageReference;
			repositoryURL = "https://github.com/livekit/webrtc-xcframework.git";
			requirement = {
				branch = main;
				kind = branch;
			};
		};
		A10000000000000000000007 /* XCRemoteSwiftPackageReference "GoogleSignIn-iOS" */ = {
			isa = XCRemoteSwiftPackageReference;
			repositoryURL = "https://github.com/google/GoogleSignIn-iOS.git";
			requirement = {
				kind = upToNextMajorVersion;
				minimumVersion = 9.0.0;
			};
		};
/* End XCRemoteSwiftPackageReference section */

/* Begin XCSwiftPackageProductDependency section */
		4FA89280AD0D00847DBD767F /* PropertyBased */ = {
			isa = XCSwiftPackageProductDependency;
			package = 409EA85688A9CBA8B4DFA13A /* XCRemoteSwiftPackageReference "swift-property-based" */;
			productName = PropertyBased;
		};
		B10000000000000000000001 /* ReadiumShared */ = {
			isa = XCSwiftPackageProductDependency;
			package = A10000000000000000000001 /* XCRemoteSwiftPackageReference "swift-toolkit" */;
			productName = ReadiumShared;
		};
		B10000000000000000000002 /* ReadiumNavigator */ = {
			isa = XCSwiftPackageProductDependency;
			package = A10000000000000000000001 /* XCRemoteSwiftPackageReference "swift-toolkit" */;
			productName = ReadiumNavigator;
		};
		B10000000000000000000003 /* ReadiumStreamer */ = {
			isa = XCSwiftPackageProductDependency;
			package = A10000000000000000000001 /* XCRemoteSwiftPackageReference "swift-toolkit" */;
			productName = ReadiumStreamer;
		};
		B10000000000000000000004 /* ReadiumAdapterGCDWebServer */ = {
			isa = XCSwiftPackageProductDependency;
			package = A10000000000000000000001 /* XCRemoteSwiftPackageReference "swift-toolkit" */;
			productName = ReadiumAdapterGCDWebServer;
		};
		B10000000000000000000005 /* ReadiumZIPFoundation */ = {
			isa = XCSwiftPackageProductDependency;
			package = A10000000000000000000002 /* XCRemoteSwiftPackageReference "ZIPFoundation" */;
			productName = ReadiumZIPFoundation;
		};
		B10000000000000000000006 /* Sentry */ = {
			isa = XCSwiftPackageProductDependency;
			package = A10000000000000000000003 /* XCRemoteSwiftPackageReference "sentry-cocoa" */;
			productName = Sentry;
		};
		B10000000000000000000007 /* USearch */ = {
			isa = XCSwiftPackageProductDependency;
			package = A10000000000000000000004 /* XCRemoteSwiftPackageReference "usearch" */;
			productName = USearch;
		};
		B10000000000000000000008 /* ChunkedAudioPlayer */ = {
			isa = XCSwiftPackageProductDependency;
			package = A10000000000000000000005 /* XCRemoteSwiftPackageReference "swift-chunked-audio-player" */;
			productName = ChunkedAudioPlayer;
		};
		B10000000000000000000009 /* LiveKitWebRTC */ = {
			isa = XCSwiftPackageProductDependency;
			package = A10000000000000000000006 /* XCRemoteSwiftPackageReference "webrtc-xcframework" */;
			productName = LiveKitWebRTC;
		};
		B10000000000000000000010 /* GoogleSignIn */ = {
			isa = XCSwiftPackageProductDependency;
			package = A10000000000000000000007 /* XCRemoteSwiftPackageReference "GoogleSignIn-iOS" */;
			productName = GoogleSignIn;
		};
		B10000000000000000000011 /* GoogleSignInSwift */ = {
			isa = XCSwiftPackageProductDependency;
			package = A10000000000000000000007 /* XCRemoteSwiftPackageReference "GoogleSignIn-iOS" */;
			productName = GoogleSignInSwift;
		};
/* End XCSwiftPackageProductDependency section */
	};
	rootObject = 0922548C2FD83183008C5ADE /* Project object */;
}
