// !$*UTF8*$!
{
	archiveVersion = 1;
	classes = {
	};
	objectVersion = 77;
	objects = {

/* Begin PBXBuildFile section */
		252859A25AFDB0AC38588F5F /* RishiUIKit in Frameworks */ = {isa = PBXBuildFile; productRef = 02462412E0BB4964915C0E2F /* RishiUIKit */; };
		53A044C8DA088C4CD4F0A61A /* RishiAPI in Frameworks */ = {isa = PBXBuildFile; productRef = 8F44CD0541E29B6DA2049F21 /* RishiAPI */; };
		57C0D8BB9FAD2213E457E94F /* RishiTesting in Frameworks */ = {isa = PBXBuildFile; productRef = 39E77723BE79C2DC8FD0E4AA /* RishiTesting */; };
		59D80D1126EB82C9435367FA /* RishiLogging in Frameworks */ = {isa = PBXBuildFile; productRef = 00D1898ADC5FFE76C44614FB /* RishiLogging */; };
		8839709E009AD7D4E6F50947 /* RishiAuth in Frameworks */ = {isa = PBXBuildFile; productRef = A27D36EE1DC4536405E418CC /* RishiAuth */; };
		F262D7B88E378B23684A699F /* RishiDB in Frameworks */ = {isa = PBXBuildFile; productRef = FCF3C76E4FA9636D03567457 /* RishiDB */; };
		F9D3B1838D2E03155B41B0AE /* RishiCore in Frameworks */ = {isa = PBXBuildFile; productRef = F9E6AED6A64A152D5FEA764C /* RishiCore */; };
/* End PBXBuildFile section */

/* Begin PBXContainerItemProxy section */
		092254A42FD83186008C5ADE /* PBXContainerItemProxy */ = {
			isa = PBXContainerItemProxy;
			containerPortal = 0922548C2FD83183008C5ADE /* Project object */;
			proxyType = 1;
			remoteGlobalIDString = 092254932FD83183008C5ADE;
			remoteInfo = rishi;
		};
		092254AE2FD83186008C5ADE /* PBXContainerItemProxy */ = {
			isa = PBXContainerItemProxy;
			containerPortal = 0922548C2FD83183008C5ADE /* Project object */;
			proxyType = 1;
			remoteGlobalIDString = 092254932FD83183008C5ADE;
			remoteInfo = rishi;
		};
/* End PBXContainerItemProxy section */

/* Begin PBXFileReference section */
		092254942FD83183008C5ADE /* rishi.app */ = {isa = PBXFileReference; explicitFileType = wrapper.application; includeInIndex = 0; path = rishi.app; sourceTree = BUILT_PRODUCTS_DIR; };
		092254A32FD83186008C5ADE /* rishiTests.xctest */ = {isa = PBXFileReference; explicitFileType = wrapper.cfbundle; includeInIndex = 0; path = rishiTests.xctest; sourceTree = BUILT_PRODUCTS_DIR; };
		092254AD2FD83186008C5ADE /* rishiUITests.xctest */ = {isa = PBXFileReference; explicitFileType = wrapper.cfbundle; includeInIndex = 0; path = rishiUITests.xctest; sourceTree = BUILT_PRODUCTS_DIR; };
/* End PBXFileReference section */

/* Begin PBXFileSystemSynchronizedBuildFileExceptionSet section */
		C444E2697AFC3ABDFAD0AFC3 /* Exceptions for "rishi" folder in "rishi" target */ = {
			isa = PBXFileSystemSynchronizedBuildFileExceptionSet;
			membershipExceptions = (
				Info.plist,
			);
			target = 092254932FD83183008C5ADE /* rishi */;
		};
/* End PBXFileSystemSynchronizedBuildFileExceptionSet section */

/* Begin PBXFileSystemSynchronizedRootGroup section */
		092254962FD83183008C5ADE /* rishi */ = {
			isa = PBXFileSystemSynchronizedRootGroup;
			exceptions = (
				C444E2697AFC3ABDFAD0AFC3 /* Exceptions for "rishi" folder in "rishi" target */,
			);
			path = rishi;
			sourceTree = "<group>";
		};
		092254A62FD83186008C5ADE /* rishiTests */ = {
			isa = PBXFileSystemSynchronizedRootGroup;
			exceptions = (
			);
			path = rishiTests;
			sourceTree = "<group>";
		};
		092254B02FD83186008C5ADE /* rishiUITests */ = {
			isa = PBXFileSystemSynchronizedRootGroup;
			exceptions = (
			);
			path = rishiUITests;
			sourceTree = "<group>";
		};
/* End PBXFileSystemSynchronizedRootGroup section */

/* Begin PBXFrameworksBuildPhase section */
		092254912FD83183008C5ADE /* Frameworks */ = {
			isa = PBXFrameworksBuildPhase;
			buildActionMask = 2147483647;
			files = (
				F9D3B1838D2E03155B41B0AE /* RishiCore in Frameworks */,
				252859A25AFDB0AC38588F5F /* RishiUIKit in Frameworks */,
				59D80D1126EB82C9435367FA /* RishiLogging in Frameworks */,
				53A044C8DA088C4CD4F0A61A /* RishiAPI in Frameworks */,
				F262D7B88E378B23684A699F /* RishiDB in Frameworks */,
				8839709E009AD7D4E6F50947 /* RishiAuth in Frameworks */,
			);
			runOnlyForDeploymentPostprocessing = 0;
		};
		092254A02FD83186008C5ADE /* Frameworks */ = {
			isa = PBXFrameworksBuildPhase;
			buildActionMask = 2147483647;
			files = (
				57C0D8BB9FAD2213E457E94F /* RishiTesting in Frameworks */,
			);
			runOnlyForDeploymentPostprocessing = 0;
		};
		092254AA2FD83186008C5ADE /* Frameworks */ = {
			isa = PBXFrameworksBuildPhase;
			buildActionMask = 2147483647;
			files = (
			);
			runOnlyForDeploymentPostprocessing = 0;
		};
/* End PBXFrameworksBuildPhase section */

/* Begin PBXGroup section */
		0922548B2FD83183008C5ADE = {
			isa = PBXGroup;
			children = (
				092254962FD83183008C5ADE /* rishi */,
				092254A62FD83186008C5ADE /* rishiTests */,
				092254B02FD83186008C5ADE /* rishiUITests */,
				092254952FD83183008C5ADE /* Products */,
			);
			sourceTree = "<group>";
		};
		092254952FD83183008C5ADE /* Products */ = {
			isa = PBXGroup;
			children = (
				092254942FD83183008C5ADE /* rishi.app */,
				092254A32FD83186008C5ADE /* rishiTests.xctest */,
				092254AD2FD83186008C5ADE /* rishiUITests.xctest */,
			);
			name = Products;
			sourceTree = "<group>";
		};
/* End PBXGroup section */

/* Begin PBXNativeTarget section */
		092254932FD83183008C5ADE /* rishi */ = {
			isa = PBXNativeTarget;
			buildConfigurationList = 092254B72FD83186008C5ADE /* Build configuration list for PBXNativeTarget "rishi" */;
			buildPhases = (
				092254902FD83183008C5ADE /* Sources */,
				092254912FD83183008C5ADE /* Frameworks */,
				092254922FD83183008C5ADE /* Resources */,
			);
			buildRules = (
			);
			dependencies = (
			);
			fileSystemSynchronizedGroups = (
				092254962FD83183008C5ADE /* rishi */,
			);
			name = rishi;
			packageProductDependencies = (
				F9E6AED6A64A152D5FEA764C /* RishiCore */,
				02462412E0BB4964915C0E2F /* RishiUIKit */,
				00D1898ADC5FFE76C44614FB /* RishiLogging */,
				8F44CD0541E29B6DA2049F21 /* RishiAPI */,
				FCF3C76E4FA9636D03567457 /* RishiDB */,
				A27D36EE1DC4536405E418CC /* RishiAuth */,
			);
			productName = rishi;
			productReference = 092254942FD83183008C5ADE /* rishi.app */;
			productType = "com.apple.product-type.application";
		};
		092254A22FD83186008C5ADE /* rishiTests */ = {
			isa = PBXNativeTarget;
			buildConfigurationList = 092254BA2FD83186008C5ADE /* Build configuration list for PBXNativeTarget "rishiTests" */;
			buildPhases = (
				0922549F2FD83186008C5ADE /* Sources */,
				092254A02FD83186008C5ADE /* Frameworks */,
				092254A12FD83186008C5ADE /* Resources */,
			);
			buildRules = (
			);
			dependencies = (
				092254A52FD83186008C5ADE /* PBXTargetDependency */,
			);
			fileSystemSynchronizedGroups = (
				092254A62FD83186008C5ADE /* rishiTests */,
			);
			name = rishiTests;
			packageProductDependencies = (
				39E77723BE79C2DC8FD0E4AA /* RishiTesting */,
			);
			productName = rishiTests;
			productReference = 092254A32FD83186008C5ADE /* rishiTests.xctest */;
			productType = "com.apple.product-type.bundle.unit-test";
		};
		092254AC2FD83186008C5ADE /* rishiUITests */ = {
			isa = PBXNativeTarget;
			buildConfigurationList = 092254BD2FD83186008C5ADE /* Build configuration list for PBXNativeTarget "rishiUITests" */;
			buildPhases = (
				092254A92FD83186008C5ADE /* Sources */,
				092254AA2FD83186008C5ADE /* Frameworks */,
				092254AB2FD83186008C5ADE /* Resources */,
			);
			buildRules = (
			);
			dependencies = (
				092254AF2FD83186008C5ADE /* PBXTargetDependency */,
			);
			fileSystemSynchronizedGroups = (
				092254B02FD83186008C5ADE /* rishiUITests */,
			);
			name = rishiUITests;
			productName = rishiUITests;
			productReference = 092254AD2FD83186008C5ADE /* rishiUITests.xctest */;
			productType = "com.apple.product-type.bundle.ui-testing";
		};
/* End PBXNativeTarget section */

/* Begin PBXProject section */
		0922548C2FD83183008C5ADE /* Project object */ = {
			isa = PBXProject;
			attributes = {
				BuildIndependentTargetsInParallel = 1;
				LastSwiftUpdateCheck = 2620;
				LastUpgradeCheck = 2620;
				TargetAttributes = {
					092254932FD83183008C5ADE = {
						CreatedOnToolsVersion = 26.2;
					};
					092254A22FD83186008C5ADE = {
						CreatedOnToolsVersion = 26.2;
						TestTargetID = 092254932FD83183008C5ADE;
					};
					092254AC2FD83186008C5ADE = {
						CreatedOnToolsVersion = 26.2;
						TestTargetID = 092254932FD83183008C5ADE;
					};
				};
			};
			buildConfigurationList = 0922548F2FD83183008C5ADE /* Build configuration list for PBXProject "rishi" */;
			developmentRegion = en;
			hasScannedForEncodings = 0;
			knownRegions = (
				en,
				Base,
			);
			mainGroup = 0922548B2FD83183008C5ADE;
			minimizedProjectReferenceProxies = 1;
			packageReferences = (
				0A43A902E52E4A570EBD6646 /* XCLocalSwiftPackageReference "RishiCore" */,
				C299D995CA514281861348AA /* XCLocalSwiftPackageReference "RishiUIKit" */,
				D5C4A492B9366EFBAA0D040B /* XCLocalSwiftPackageReference "RishiLogging" */,
				AF8EAC1F08C25230E75FD9AC /* XCLocalSwiftPackageReference "RishiTesting" */,
				2020D4F0BFAAD9ECBFCBCD65 /* XCLocalSwiftPackageReference "RishiAPI" */,
				1802D603FBA51B2C069A134E /* XCLocalSwiftPackageReference "RishiDB" */,
				02A02F24AF08B9EE8465CCE7 /* XCLocalSwiftPackageReference "RishiAuth" */,
			);
			preferredProjectObjectVersion = 77;
			productRefGroup = 092254952FD83183008C5ADE /* Products */;
			projectDirPath = "";
			projectRoot = "";
			targets = (
				092254932FD83183008C5ADE /* rishi */,
				092254A22FD83186008C5ADE /* rishiTests */,
				092254AC2FD83186008C5ADE /* rishiUITests */,
			);
		};
/* End PBXProject section */

/* Begin PBXResourcesBuildPhase section */
		092254922FD83183008C5ADE /* Resources */ = {
			isa = PBXResourcesBuildPhase;
			buildActionMask = 2147483647;
			files = (
			);
			runOnlyForDeploymentPostprocessing = 0;
		};
		092254A12FD83186008C5ADE /* Resources */ = {
			isa = PBXResourcesBuildPhase;
			buildActionMask = 2147483647;
			files = (
			);
			runOnlyForDeploymentPostprocessing = 0;
		};
		092254AB2FD83186008C5ADE /* Resources */ = {
			isa = PBXResourcesBuildPhase;
			buildActionMask = 2147483647;
			files = (
			);
			runOnlyForDeploymentPostprocessing = 0;
		};
/* End PBXResourcesBuildPhase section */

/* Begin PBXSourcesBuildPhase section */
		092254902FD83183008C5ADE /* Sources */ = {
			isa = PBXSourcesBuildPhase;
			buildActionMask = 2147483647;
			files = (
			);
			runOnlyForDeploymentPostprocessing = 0;
		};
		0922549F2FD83186008C5ADE /* Sources */ = {
			isa = PBXSourcesBuildPhase;
			buildActionMask = 2147483647;
			files = (
			);
			runOnlyForDeploymentPostprocessing = 0;
		};
		092254A92FD83186008C5ADE /* Sources */ = {
			isa = PBXSourcesBuildPhase;
			buildActionMask = 2147483647;
			files = (
			);
			runOnlyForDeploymentPostprocessing = 0;
		};
/* End PBXSourcesBuildPhase section */

/* Begin PBXTargetDependency section */
		092254A52FD83186008C5ADE /* PBXTargetDependency */ = {
			isa = PBXTargetDependency;
			target = 092254932FD83183008C5ADE /* rishi */;
			targetProxy = 092254A42FD83186008C5ADE /* PBXContainerItemProxy */;
		};
		092254AF2FD83186008C5ADE /* PBXTargetDependency */ = {
			isa = PBXTargetDependency;
			target = 092254932FD83183008C5ADE /* rishi */;
			targetProxy = 092254AE2FD83186008C5ADE /* PBXContainerItemProxy */;
		};
/* End PBXTargetDependency section */

/* Begin XCBuildConfiguration section */
		092254B52FD83186008C5ADE /* Debug */ = {
			isa = XCBuildConfiguration;
			buildSettings = {
				ALWAYS_SEARCH_USER_PATHS = NO;
				ASSETCATALOG_COMPILER_GENERATE_SWIFT_ASSET_SYMBOL_EXTENSIONS = YES;
				CLANG_ANALYZER_NONNULL = YES;
				CLANG_ANALYZER_NUMBER_OBJECT_CONVERSION = YES_AGGRESSIVE;
				CLANG_CXX_LANGUAGE_STANDARD = "gnu++20";
				CLANG_ENABLE_MODULES = YES;
				CLANG_ENABLE_OBJC_ARC = YES;
				CLANG_ENABLE_OBJC_WEAK = YES;
				CLANG_WARN_BLOCK_CAPTURE_AUTORELEASING = YES;
				CLANG_WARN_BOOL_CONVERSION = YES;
				CLANG_WARN_COMMA = YES;
				CLANG_WARN_CONSTANT_CONVERSION = YES;
				CLANG_WARN_DEPRECATED_OBJC_IMPLEMENTATIONS = YES;
				CLANG_WARN_DIRECT_OBJC_ISA_USAGE = YES_ERROR;
				CLANG_WARN_DOCUMENTATION_COMMENTS = YES;
				CLANG_WARN_EMPTY_BODY = YES;
				CLANG_WARN_ENUM_CONVERSION = YES;
				CLANG_WARN_INFINITE_RECURSION = YES;
				CLANG_WARN_INT_CONVERSION = YES;
				CLANG_WARN_NON_LITERAL_NULL_CONVERSION = YES;
				CLANG_WARN_OBJC_IMPLICIT_RETAIN_SELF = YES;
				CLANG_WARN_OBJC_LITERAL_CONVERSION = YES;
				CLANG_WARN_OBJC_ROOT_CLASS = YES_ERROR;
				CLANG_WARN_QUOTED_INCLUDE_IN_FRAMEWORK_HEADER = YES;
				CLANG_WARN_RANGE_LOOP_ANALYSIS = YES;
				CLANG_WARN_STRICT_PROTOTYPES = YES;
				CLANG_WARN_SUSPICIOUS_MOVE = YES;
				CLANG_WARN_UNGUARDED_AVAILABILITY = YES_AGGRESSIVE;
				CLANG_WARN_UNREACHABLE_CODE = YES;
				CLANG_WARN__DUPLICATE_METHOD_MATCH = YES;
				COPY_PHASE_STRIP = NO;
				DEBUG_INFORMATION_FORMAT = dwarf;
				DEVELOPMENT_TEAM = 9VL7VRY6QZ;
				ENABLE_STRICT_OBJC_MSGSEND = YES;
				ENABLE_TESTABILITY = YES;
				ENABLE_USER_SCRIPT_SANDBOXING = YES;
				GCC_C_LANGUAGE_STANDARD = gnu17;
				GCC_DYNAMIC_NO_PIC = NO;
				GCC_NO_COMMON_BLOCKS = YES;
				GCC_OPTIMIZATION_LEVEL = 0;
				GCC_PREPROCESSOR_DEFINITIONS = (
					"DEBUG=1",
					"$(inherited)",
				);
				GCC_WARN_64_TO_32_BIT_CONVERSION = YES;
				GCC_WARN_ABOUT_RETURN_TYPE = YES_ERROR;
				GCC_WARN_UNDECLARED_SELECTOR = YES;
				GCC_WARN_UNINITIALIZED_AUTOS = YES_AGGRESSIVE;
				GCC_WARN_UNUSED_FUNCTION = YES;
				GCC_WARN_UNUSED_VARIABLE = YES;
				IPHONEOS_DEPLOYMENT_TARGET = 26.2;
				LOCALIZATION_PREFERS_STRING_CATALOGS = YES;
				MTL_ENABLE_DEBUG_INFO = INCLUDE_SOURCE;
				MTL_FAST_MATH = YES;
				ONLY_ACTIVE_ARCH = YES;
				SDKROOT = iphoneos;
				SWIFT_ACTIVE_COMPILATION_CONDITIONS = "DEBUG $(inherited)";
				SWIFT_OPTIMIZATION_LEVEL = "-Onone";
			};
			name = Debug;
		};
		092254B62FD83186008C5ADE /* Release */ = {
			isa = XCBuildConfiguration;
			buildSettings = {
				ALWAYS_SEARCH_USER_PATHS = NO;
				ASSETCATALOG_COMPILER_GENERATE_SWIFT_ASSET_SYMBOL_EXTENSIONS = YES;
				CLANG_ANALYZER_NONNULL = YES;
				CLANG_ANALYZER_NUMBER_OBJECT_CONVERSION = YES_AGGRESSIVE;
				CLANG_CXX_LANGUAGE_STANDARD = "gnu++20";
				CLANG_ENABLE_MODULES = YES;
				CLANG_ENABLE_OBJC_ARC = YES;
				CLANG_ENABLE_OBJC_WEAK = YES;
				CLANG_WARN_BLOCK_CAPTURE_AUTORELEASING = YES;
				CLANG_WARN_BOOL_CONVERSION = YES;
				CLANG_WARN_COMMA = YES;
				CLANG_WARN_CONSTANT_CONVERSION = YES;
				CLANG_WARN_DEPRECATED_OBJC_IMPLEMENTATIONS = YES;
				CLANG_WARN_DIRECT_OBJC_ISA_USAGE = YES_ERROR;
				CLANG_WARN_DOCUMENTATION_COMMENTS = YES;
				CLANG_WARN_EMPTY_BODY = YES;
				CLANG_WARN_ENUM_CONVERSION = YES;
				CLANG_WARN_INFINITE_RECURSION = YES;
				CLANG_WARN_INT_CONVERSION = YES;
				CLANG_WARN_NON_LITERAL_NULL_CONVERSION = YES;
				CLANG_WARN_OBJC_IMPLICIT_RETAIN_SELF = YES;
				CLANG_WARN_OBJC_LITERAL_CONVERSION = YES;
				CLANG_WARN_OBJC_ROOT_CLASS = YES_ERROR;
				CLANG_WARN_QUOTED_INCLUDE_IN_FRAMEWORK_HEADER = YES;
				CLANG_WARN_RANGE_LOOP_ANALYSIS = YES;
				CLANG_WARN_STRICT_PROTOTYPES = YES;
				CLANG_WARN_SUSPICIOUS_MOVE = YES;
				CLANG_WARN_UNGUARDED_AVAILABILITY = YES_AGGRESSIVE;
				CLANG_WARN_UNREACHABLE_CODE = YES;
				CLANG_WARN__DUPLICATE_METHOD_MATCH = YES;
				COPY_PHASE_STRIP = NO;
				DEBUG_INFORMATION_FORMAT = "dwarf-with-dsym";
				DEVELOPMENT_TEAM = 9VL7VRY6QZ;
				ENABLE_NS_ASSERTIONS = NO;
				ENABLE_STRICT_OBJC_MSGSEND = YES;
				ENABLE_USER_SCRIPT_SANDBOXING = YES;
				GCC_C_LANGUAGE_STANDARD = gnu17;
				GCC_NO_COMMON_BLOCKS = YES;
				GCC_WARN_64_TO_32_BIT_CONVERSION = YES;
				GCC_WARN_ABOUT_RETURN_TYPE = YES_ERROR;
				GCC_WARN_UNDECLARED_SELECTOR = YES;
				GCC_WARN_UNINITIALIZED_AUTOS = YES_AGGRESSIVE;
				GCC_WARN_UNUSED_FUNCTION = YES;
				GCC_WARN_UNUSED_VARIABLE = YES;
				IPHONEOS_DEPLOYMENT_TARGET = 26.2;
				LOCALIZATION_PREFERS_STRING_CATALOGS = YES;
				MTL_ENABLE_DEBUG_INFO = NO;
				MTL_FAST_MATH = YES;
				SDKROOT = iphoneos;
				SWIFT_COMPILATION_MODE = wholemodule;
				VALIDATE_PRODUCT = YES;
			};
			name = Release;
		};
		092254B82FD83186008C5ADE /* Debug */ = {
			isa = XCBuildConfiguration;
			buildSettings = {
				ASSETCATALOG_COMPILER_APPICON_NAME = AppIcon;
				ASSETCATALOG_COMPILER_GLOBAL_ACCENT_COLOR_NAME = AccentColor;
				CODE_SIGN_ENTITLEMENTS = rishi/rishi.entitlements;
				CODE_SIGN_STYLE = Automatic;
				CURRENT_PROJECT_VERSION = 1;
				DEVELOPMENT_TEAM = 9VL7VRY6QZ;
				ENABLE_PREVIEWS = YES;
				GENERATE_INFOPLIST_FILE = YES;
				INFOPLIST_FILE = rishi/Info.plist;
				INFOPLIST_KEY_ITSAppUsesNonExemptEncryption = NO;
				INFOPLIST_KEY_NSMicrophoneUsageDescription = "Rishi uses your microphone to let you talk with the AI about the book you are reading. Audio is only sent during a conversation.";
				INFOPLIST_KEY_NSPhotoLibraryAddUsageDescription = "Rishi can save book covers to your Photo Library.";
				INFOPLIST_KEY_UIApplicationSceneManifest_Generation = YES;
				INFOPLIST_KEY_UIApplicationSupportsIndirectInputEvents = YES;
				INFOPLIST_KEY_UILaunchScreen_Generation = YES;
				INFOPLIST_KEY_UISupportedInterfaceOrientations_iPad = "UIInterfaceOrientationPortrait UIInterfaceOrientationPortraitUpsideDown UIInterfaceOrientationLandscapeLeft UIInterfaceOrientationLandscapeRight";
				INFOPLIST_KEY_UISupportedInterfaceOrientations_iPhone = "UIInterfaceOrientationPortrait UIInterfaceOrientationLandscapeLeft UIInterfaceOrientationLandscapeRight";
				LD_RUNPATH_SEARCH_PATHS = (
					"$(inherited)",
					"@executable_path/Frameworks",
				);
				MARKETING_VERSION = 1.0;
				PRODUCT_BUNDLE_IDENTIFIER = org.fidexa.rishi;
				PRODUCT_NAME = "$(TARGET_NAME)";
				STRING_CATALOG_GENERATE_SYMBOLS = YES;
				SUPPORTS_MACCATALYST = YES;
				SUPPORTS_MAC_DESIGNED_FOR_IPHONE_IPAD = NO;
				SWIFT_APPROACHABLE_CONCURRENCY = YES;
				SWIFT_DEFAULT_ACTOR_ISOLATION = MainActor;
				SWIFT_EMIT_LOC_STRINGS = YES;
				SWIFT_UPCOMING_FEATURE_MEMBER_IMPORT_VISIBILITY = YES;
				SWIFT_VERSION = 5.0;
				TARGETED_DEVICE_FAMILY = "1,2";
			};
			name = Debug;
		};
		092254B92FD83186008C5ADE /* Release */ = {
			isa = XCBuildConfiguration;
			buildSettings = {
				ASSETCATALOG_COMPILER_APPICON_NAME = AppIcon;
				ASSETCATALOG_COMPILER_GLOBAL_ACCENT_COLOR_NAME = AccentColor;
				CODE_SIGN_ENTITLEMENTS = rishi/rishi.entitlements;
				CODE_SIGN_STYLE = Automatic;
				CURRENT_PROJECT_VERSION = 1;
				DEVELOPMENT_TEAM = 9VL7VRY6QZ;
				ENABLE_PREVIEWS = YES;
				GENERATE_INFOPLIST_FILE = YES;
				INFOPLIST_FILE = rishi/Info.plist;
				INFOPLIST_KEY_ITSAppUsesNonExemptEncryption = NO;
				INFOPLIST_KEY_NSMicrophoneUsageDescription = "Rishi uses your microphone to let you talk with the AI about the book you are reading. Audio is only sent during a conversation.";
				INFOPLIST_KEY_NSPhotoLibraryAddUsageDescription = "Rishi can save book covers to your Photo Library.";
				INFOPLIST_KEY_UIApplicationSceneManifest_Generation = YES;
				INFOPLIST_KEY_UIApplicationSupportsIndirectInputEvents = YES;
				INFOPLIST_KEY_UILaunchScreen_Generation = YES;
				INFOPLIST_KEY_UISupportedInterfaceOrientations_iPad = "UIInterfaceOrientationPortrait UIInterfaceOrientationPortraitUpsideDown UIInterfaceOrientationLandscapeLeft UIInterfaceOrientationLandscapeRight";
				INFOPLIST_KEY_UISupportedInterfaceOrientations_iPhone = "UIInterfaceOrientationPortrait UIInterfaceOrientationLandscapeLeft UIInterfaceOrientationLandscapeRight";
				LD_RUNPATH_SEARCH_PATHS = (
					"$(inherited)",
					"@executable_path/Frameworks",
				);
				MARKETING_VERSION = 1.0;
				PRODUCT_BUNDLE_IDENTIFIER = org.fidexa.rishi;
				PRODUCT_NAME = "$(TARGET_NAME)";
				STRING_CATALOG_GENERATE_SYMBOLS = YES;
				SUPPORTS_MACCATALYST = YES;
				SUPPORTS_MAC_DESIGNED_FOR_IPHONE_IPAD = NO;
				SWIFT_APPROACHABLE_CONCURRENCY = YES;
				SWIFT_DEFAULT_ACTOR_ISOLATION = MainActor;
				SWIFT_EMIT_LOC_STRINGS = YES;
				SWIFT_UPCOMING_FEATURE_MEMBER_IMPORT_VISIBILITY = YES;
				SWIFT_VERSION = 5.0;
				TARGETED_DEVICE_FAMILY = "1,2";
			};
			name = Release;
		};
		092254BB2FD83186008C5ADE /* Debug */ = {
			isa = XCBuildConfiguration;
			buildSettings = {
				BUNDLE_LOADER = "$(TEST_HOST)";
				CODE_SIGN_STYLE = Automatic;
				CURRENT_PROJECT_VERSION = 1;
				DEVELOPMENT_TEAM = 9VL7VRY6QZ;
				GENERATE_INFOPLIST_FILE = YES;
				IPHONEOS_DEPLOYMENT_TARGET = 26.2;
				MARKETING_VERSION = 1.0;
				PRODUCT_BUNDLE_IDENTIFIER = org.fidexa.rishiTests;
				PRODUCT_NAME = "$(TARGET_NAME)";
				STRING_CATALOG_GENERATE_SYMBOLS = NO;
				SWIFT_APPROACHABLE_CONCURRENCY = YES;
				SWIFT_EMIT_LOC_STRINGS = NO;
				SWIFT_UPCOMING_FEATURE_MEMBER_IMPORT_VISIBILITY = YES;
				SWIFT_VERSION = 5.0;
				TARGETED_DEVICE_FAMILY = "1,2";
				TEST_HOST = "$(BUILT_PRODUCTS_DIR)/rishi.app/$(BUNDLE_EXECUTABLE_FOLDER_PATH)/rishi";
			};
			name = Debug;
		};
		092254BC2FD83186008C5ADE /* Release */ = {
			isa = XCBuildConfiguration;
			buildSettings = {
				BUNDLE_LOADER = "$(TEST_HOST)";
				CODE_SIGN_STYLE = Automatic;
				CURRENT_PROJECT_VERSION = 1;
				DEVELOPMENT_TEAM = 9VL7VRY6QZ;
				GENERATE_INFOPLIST_FILE = YES;
				IPHONEOS_DEPLOYMENT_TARGET = 26.2;
				MARKETING_VERSION = 1.0;
				PRODUCT_BUNDLE_IDENTIFIER = org.fidexa.rishiTests;
				PRODUCT_NAME = "$(TARGET_NAME)";
				STRING_CATALOG_GENERATE_SYMBOLS = NO;
				SWIFT_APPROACHABLE_CONCURRENCY = YES;
				SWIFT_EMIT_LOC_STRINGS = NO;
				SWIFT_UPCOMING_FEATURE_MEMBER_IMPORT_VISIBILITY = YES;
				SWIFT_VERSION = 5.0;
				TARGETED_DEVICE_FAMILY = "1,2";
				TEST_HOST = "$(BUILT_PRODUCTS_DIR)/rishi.app/$(BUNDLE_EXECUTABLE_FOLDER_PATH)/rishi";
			};
			name = Release;
		};
		092254BE2FD83186008C5ADE /* Debug */ = {
			isa = XCBuildConfiguration;
			buildSettings = {
				CODE_SIGN_STYLE = Automatic;
				CURRENT_PROJECT_VERSION = 1;
				DEVELOPMENT_TEAM = 9VL7VRY6QZ;
				GENERATE_INFOPLIST_FILE = YES;
				MARKETING_VERSION = 1.0;
				PRODUCT_BUNDLE_IDENTIFIER = org.fidexa.rishiUITests;
				PRODUCT_NAME = "$(TARGET_NAME)";
				STRING_CATALOG_GENERATE_SYMBOLS = NO;
				SWIFT_APPROACHABLE_CONCURRENCY = YES;
				SWIFT_EMIT_LOC_STRINGS = NO;
				SWIFT_UPCOMING_FEATURE_MEMBER_IMPORT_VISIBILITY = YES;
				SWIFT_VERSION = 5.0;
				TARGETED_DEVICE_FAMILY = "1,2";
				TEST_TARGET_NAME = rishi;
			};
			name = Debug;
		};
		092254BF2FD83186008C5ADE /* Release */ = {
			isa = XCBuildConfiguration;
			buildSettings = {
				CODE_SIGN_STYLE = Automatic;
				CURRENT_PROJECT_VERSION = 1;
				DEVELOPMENT_TEAM = 9VL7VRY6QZ;
				GENERATE_INFOPLIST_FILE = YES;
				MARKETING_VERSION = 1.0;
				PRODUCT_BUNDLE_IDENTIFIER = org.fidexa.rishiUITests;
				PRODUCT_NAME = "$(TARGET_NAME)";
				STRING_CATALOG_GENERATE_SYMBOLS = NO;
				SWIFT_APPROACHABLE_CONCURRENCY = YES;
				SWIFT_EMIT_LOC_STRINGS = NO;
				SWIFT_UPCOMING_FEATURE_MEMBER_IMPORT_VISIBILITY = YES;
				SWIFT_VERSION = 5.0;
				TARGETED_DEVICE_FAMILY = "1,2";
				TEST_TARGET_NAME = rishi;
			};
			name = Release;
		};
/* End XCBuildConfiguration section */

/* Begin XCConfigurationList section */
		0922548F2FD83183008C5ADE /* Build configuration list for PBXProject "rishi" */ = {
			isa = XCConfigurationList;
			buildConfigurations = (
				092254B52FD83186008C5ADE /* Debug */,
				092254B62FD83186008C5ADE /* Release */,
			);
			defaultConfigurationIsVisible = 0;
			defaultConfigurationName = Release;
		};
		092254B72FD83186008C5ADE /* Build configuration list for PBXNativeTarget "rishi" */ = {
			isa = XCConfigurationList;
			buildConfigurations = (
				092254B82FD83186008C5ADE /* Debug */,
				092254B92FD83186008C5ADE /* Release */,
			);
			defaultConfigurationIsVisible = 0;
			defaultConfigurationName = Release;
		};
		092254BA2FD83186008C5ADE /* Build configuration list for PBXNativeTarget "rishiTests" */ = {
			isa = XCConfigurationList;
			buildConfigurations = (
				092254BB2FD83186008C5ADE /* Debug */,
				092254BC2FD83186008C5ADE /* Release */,
			);
			defaultConfigurationIsVisible = 0;
			defaultConfigurationName = Release;
		};
		092254BD2FD83186008C5ADE /* Build configuration list for PBXNativeTarget "rishiUITests" */ = {
			isa = XCConfigurationList;
			buildConfigurations = (
				092254BE2FD83186008C5ADE /* Debug */,
				092254BF2FD83186008C5ADE /* Release */,
			);
			defaultConfigurationIsVisible = 0;
			defaultConfigurationName = Release;
		};
/* End XCConfigurationList section */

/* Begin XCLocalSwiftPackageReference section */
		02A02F24AF08B9EE8465CCE7 /* XCLocalSwiftPackageReference "RishiAuth" */ = {
			isa = XCLocalSwiftPackageReference;
			relativePath = ../Packages/RishiAuth;
		};
		0A43A902E52E4A570EBD6646 /* XCLocalSwiftPackageReference "RishiCore" */ = {
			isa = XCLocalSwiftPackageReference;
			relativePath = ../Packages/RishiCore;
		};
		1802D603FBA51B2C069A134E /* XCLocalSwiftPackageReference "RishiDB" */ = {
			isa = XCLocalSwiftPackageReference;
			relativePath = ../Packages/RishiDB;
		};
		2020D4F0BFAAD9ECBFCBCD65 /* XCLocalSwiftPackageReference "RishiAPI" */ = {
			isa = XCLocalSwiftPackageReference;
			relativePath = ../Packages/RishiAPI;
		};
		AF8EAC1F08C25230E75FD9AC /* XCLocalSwiftPackageReference "RishiTesting" */ = {
			isa = XCLocalSwiftPackageReference;
			relativePath = ../Packages/RishiTesting;
		};
		C299D995CA514281861348AA /* XCLocalSwiftPackageReference "RishiUIKit" */ = {
			isa = XCLocalSwiftPackageReference;
			relativePath = ../Packages/RishiUIKit;
		};
		D5C4A492B9366EFBAA0D040B /* XCLocalSwiftPackageReference "RishiLogging" */ = {
			isa = XCLocalSwiftPackageReference;
			relativePath = ../Packages/RishiLogging;
		};
/* End XCLocalSwiftPackageReference section */

/* Begin XCSwiftPackageProductDependency section */
		00D1898ADC5FFE76C44614FB /* RishiLogging */ = {
			isa = XCSwiftPackageProductDependency;
			package = D5C4A492B9366EFBAA0D040B /* XCLocalSwiftPackageReference "RishiLogging" */;
			productName = RishiLogging;
		};
		02462412E0BB4964915C0E2F /* RishiUIKit */ = {
			isa = XCSwiftPackageProductDependency;
			package = C299D995CA514281861348AA /* XCLocalSwiftPackageReference "RishiUIKit" */;
			productName = RishiUIKit;
		};
		39E77723BE79C2DC8FD0E4AA /* RishiTesting */ = {
			isa = XCSwiftPackageProductDependency;
			package = AF8EAC1F08C25230E75FD9AC /* XCLocalSwiftPackageReference "RishiTesting" */;
			productName = RishiTesting;
		};
		8F44CD0541E29B6DA2049F21 /* RishiAPI */ = {
			isa = XCSwiftPackageProductDependency;
			package = 2020D4F0BFAAD9ECBFCBCD65 /* XCLocalSwiftPackageReference "RishiAPI" */;
			productName = RishiAPI;
		};
		A27D36EE1DC4536405E418CC /* RishiAuth */ = {
			isa = XCSwiftPackageProductDependency;
			package = 02A02F24AF08B9EE8465CCE7 /* XCLocalSwiftPackageReference "RishiAuth" */;
			productName = RishiAuth;
		};
		F9E6AED6A64A152D5FEA764C /* RishiCore */ = {
			isa = XCSwiftPackageProductDependency;
			package = 0A43A902E52E4A570EBD6646 /* XCLocalSwiftPackageReference "RishiCore" */;
			productName = RishiCore;
		};
		FCF3C76E4FA9636D03567457 /* RishiDB */ = {
			isa = XCSwiftPackageProductDependency;
			package = 1802D603FBA51B2C069A134E /* XCLocalSwiftPackageReference "RishiDB" */;
			productName = RishiDB;
		};
/* End XCSwiftPackageProductDependency section */
	};
	rootObject = 0922548C2FD83183008C5ADE /* Project object */;
}
