{
  "originHash" : "76bd3b5facae879f61d566caecb3cec48eb07b4dbd300fd9e92ca2304f2f42d3",
  "pins" : [
    {
      "identity" : "grdb.swift",
      "kind" : "remoteSourceControl",
      "location" : "https://github.com/groue/GRDB.swift.git",
      "state" : {
        "revision" : "9ed8c8457e00ff9c7aedb3bf213f20a2cfdf509e",
        "version" : "7.11.0"
      }
    },
    {
      "identity" : "metacodable",
      "kind" : "remoteSourceControl",
      "location" : "https://github.com/SwiftyLab/MetaCodable.git",
      "state" : {
        "revision" : "3d4bfeb949c0f31ef80fdc3af8f77c5b35ecaea4",
        "version" : "1.6.1"
      }
    },
    {
      "identity" : "sentry-cocoa",
      "kind" : "remoteSourceControl",
      "location" : "https://github.com/getsentry/sentry-cocoa.git",
      "state" : {
        "revision" : "e6d00b6171c0c055debdf278554db035ae958926",
        "version" : "9.16.1"
      }
    },
    {
      "identity" : "swift-argument-parser",
      "kind" : "remoteSourceControl",
      "location" : "https://github.com/apple/swift-argument-parser.git",
      "state" : {
        "revision" : "6a52f3251125d74daf04fcbd5e6f08a75d074382",
        "version" : "1.8.2"
      }
    },
    {
      "identity" : "swift-collections",
      "kind" : "remoteSourceControl",
      "location" : "https://github.com/apple/swift-collections.git",
      "state" : {
        "revision" : "a0cb0954ecb21e4e31b0070e6ed5674e8556685a",
        "version" : "1.6.0"
      }
    },
    {
      "identity" : "swift-syntax",
      "kind" : "remoteSourceControl",
      "location" : "https://github.com/swiftlang/swift-syntax.git",
      "state" : {
        "revision" : "79e4b74a295b6eb74a8b585e3a39d29e70c1dbd1",
        "version" : "603.0.2"
      }
    },
    {
      "identity" : "usearch",
      "kind" : "remoteSourceControl",
      "location" : "https://github.com/unum-cloud/usearch",
      "state" : {
        "revision" : "9fd6b0115dcdd0016e037fb5335f36824dd02090",
        "version" : "2.25.3"
      }
    },
    {
      "identity" : "webrtc-xcframework",
      "kind" : "remoteSourceControl",
      "location" : "https://github.com/livekit/webrtc-xcframework.git",
      "state" : {
        "branch" : "main",
        "revision" : "53d268c89d242791f0771fb022fe4b423f2263d9"
      }
    },
    {
      "identity" : "zipfoundation",
      "kind" : "remoteSourceControl",
      "location" : "https://github.com/readium/ZIPFoundation.git",
      "state" : {
        "revision" : "adb49c8bfe060cc187370b12fa081012a6440b86",
        "version" : "3.0.1"
      }
    }
  ],
  "version" : 3
}
