{
  "originHash" : "199b32c0771eacc799e4fd2349ff961622eab16340e7b9843d51e17f3c8752ce",
  "pins" : [
    {
      "identity" : "sentry-cocoa",
      "kind" : "remoteSourceControl",
      "location" : "https://github.com/getsentry/sentry-cocoa.git",
      "state" : {
        "revision" : "e6d00b6171c0c055debdf278554db035ae958926",
        "version" : "9.16.1"
      }
    }
  ],
  "version" : 3
}
